Microsoft Visual Studio Solution File, Format Version 12.00
# Visual Studio 15
VisualStudioVersion = 15.0.27130.0
MinimumVisualStudioVersion = 15.0.26124.0
Project("{9A19103F-16F7-4668-BE54-9A1E7A4F7556}") = "AspNetCoreDemoApp", "src\AspNetCoreDemoApp\AspNetCoreDemoApp.csproj", "{FA0CC66E-5D01-4557-8438-777D6F18DD75}"
EndProject
Global
	GlobalSection(SolutionConfigurationPlatforms) = preSolution
		Debug|Any CPU = Debug|Any CPU
		Release|Any CPU = Release|Any CPU
	EndGlobalSection
	GlobalSection(ProjectConfigurationPlatforms) = postSolution
		{FA0CC66E-5D01-4557-8438-777D6F18DD75}.Debug|Any CPU.ActiveCfg = Debug|Any CPU
		{FA0CC66E-5D01-4557-8438-777D6F18DD75}.Debug|Any CPU.Build.0 = Debug|Any CPU
		{FA0CC66E-5D01-4557-8438-777D6F18DD75}.Release|Any CPU.ActiveCfg = Release|Any CPU
		{FA0CC66E-5D01-4557-8438-777D6F18DD75}.Release|Any CPU.Build.0 = Release|Any CPU
	EndGlobalSection
	GlobalSection(SolutionProperties) = preSolution
		HideSolutionNode = FALSE
	EndGlobalSection
	GlobalSection(ExtensibilityGlobals) = postSolution
		SolutionGuid = {713E8920-7BEC-4180-8ADB-9EE297C445A5}
	EndGlobalSection
EndGlobal
